
Microsoft Visual Studio Solution File, Format Version 12.00
# Visual Studio Version 17
VisualStudioVersion = 17.11.35208.52
MinimumVisualStudioVersion = 10.0.40219.1
Project("{FAE04EC0-301F-11D3-BF4B-00C04F79EFBC}") = "Auctions", "Auctions\Auctions.csproj", "{B3608310-481B-437B-B77C-D8EB06C3F5E2}"
EndProject
Global
	GlobalSection(SolutionConfigurationPlatforms) = preSolution
		Debug|Any CPU = Debug|Any CPU
		Release|Any CPU = Release|Any CPU
	EndGlobalSection
	GlobalSection(ProjectConfigurationPlatforms) = postSolution
		{B3608310-481B-437B-B77C-D8EB06C3F5E2}.Debug|Any CPU.ActiveCfg = Debug|Any CPU
		{B3608310-481B-437B-B77C-D8EB06C3F5E2}.Debug|Any CPU.Build.0 = Debug|Any CPU
		{B3608310-481B-437B-B77C-D8EB06C3F5E2}.Release|Any CPU.ActiveCfg = Release|Any CPU
		{B3608310-481B-437B-B77C-D8EB06C3F5E2}.Release|Any CPU.Build.0 = Release|Any CPU
	EndGlobalSection
	GlobalSection(SolutionProperties) = preSolution
		HideSolutionNode = FALSE
	EndGlobalSection
	GlobalSection(ExtensibilityGlobals) = postSolution
		SolutionGuid = {55F5CFE7-9DC0-49F5-8FBC-A728ACB3B473}
	EndGlobalSection
EndGlobal
